
Microsoft Visual Studio Solution File, Format Version 12.00
# Visual Studio Version 17
VisualStudioVersion = 17.11.35327.3
MinimumVisualStudioVersion = 10.0.40219.1
Project("{FAE04EC0-301F-11D3-BF4B-00C04F79EFBC}") = "Depi-Back.Server", "Depi-Back.Server\Depi-Back.Server.csproj", "{A2A7E8B7-561B-4C21-9411-E1D478ED7B95}"
EndProject
Project("{54A90642-561A-4BB1-A94E-469ADEE60C69}") = "depi-back.client", "depi-back.client\depi-back.client.esproj", "{DD52AA0C-EE5D-4E92-8ED0-BA5D24CC8CF7}"
EndProject
Global
	GlobalSection(SolutionConfigurationPlatforms) = preSolution
		Debug|Any CPU = Debug|Any CPU
		Release|Any CPU = Release|Any CPU
	EndGlobalSection
	GlobalSection(ProjectConfigurationPlatforms) = postSolution
		{A2A7E8B7-561B-4C21-9411-E1D478ED7B95}.Debug|Any CPU.ActiveCfg = Debug|Any CPU
		{A2A7E8B7-561B-4C21-9411-E1D478ED7B95}.Debug|Any CPU.Build.0 = Debug|Any CPU
		{A2A7E8B7-561B-4C21-9411-E1D478ED7B95}.Release|Any CPU.ActiveCfg = Release|Any CPU
		{A2A7E8B7-561B-4C21-9411-E1D478ED7B95}.Release|Any CPU.Build.0 = Release|Any CPU
		{DD52AA0C-EE5D-4E92-8ED0-BA5D24CC8CF7}.Debug|Any CPU.ActiveCfg = Debug|Any CPU
		{DD52AA0C-EE5D-4E92-8ED0-BA5D24CC8CF7}.Debug|Any CPU.Build.0 = Debug|Any CPU
		{DD52AA0C-EE5D-4E92-8ED0-BA5D24CC8CF7}.Debug|Any CPU.Deploy.0 = Debug|Any CPU
		{DD52AA0C-EE5D-4E92-8ED0-BA5D24CC8CF7}.Release|Any CPU.ActiveCfg = Release|Any CPU
		{DD52AA0C-EE5D-4E92-8ED0-BA5D24CC8CF7}.Release|Any CPU.Build.0 = Release|Any CPU
		{DD52AA0C-EE5D-4E92-8ED0-BA5D24CC8CF7}.Release|Any CPU.Deploy.0 = Release|Any CPU
	EndGlobalSection
	GlobalSection(SolutionProperties) = preSolution
		HideSolutionNode = FALSE
	EndGlobalSection
	GlobalSection(ExtensibilityGlobals) = postSolution
		SolutionGuid = {E0B1EF80-3DF2-4BF3-B0A9-6349DAAEC43C}
	EndGlobalSection
EndGlobal
